Microsoft Visual Studio Solution File, Format Version 12.00
# Visual Studio Version 17
VisualStudioVersion = 17.0.31903.59
MinimumVisualStudioVersion = 10.0.40219.1
Project("{FAE04EC0-301F-11D3-BF4B-00C04F79EFBC}") = "PlanVest.Api", "apps/api/PlanVest.Api.csproj", "{104B0154-2500-4EC0-84A9-0168680F30A0}"
EndProject
Project("{FAE04EC0-301F-11D3-BF4B-00C04F79EFBC}") = "PlanVest.Api.Tests", "tests/PlanVest.Api.Tests/PlanVest.Api.Tests.csproj", "{0C03D157-43A8-4CA0-9AB7-1117DB2B8DA8}"
EndProject
Global
	GlobalSection(SolutionConfigurationPlatforms) = preSolution
		Debug|Any CPU = Debug|Any CPU
		Release|Any CPU = Release|Any CPU
	EndGlobalSection
	GlobalSection(ProjectConfigurationPlatforms) = postSolution
		{104B0154-2500-4EC0-84A9-0168680F30A0}.Debug|Any CPU.ActiveCfg = Debug|Any CPU
		{104B0154-2500-4EC0-84A9-0168680F30A0}.Debug|Any CPU.Build.0 = Debug|Any CPU
		{104B0154-2500-4EC0-84A9-0168680F30A0}.Release|Any CPU.ActiveCfg = Release|Any CPU
		{104B0154-2500-4EC0-84A9-0168680F30A0}.Release|Any CPU.Build.0 = Release|Any CPU
		{0C03D157-43A8-4CA0-9AB7-1117DB2B8DA8}.Debug|Any CPU.ActiveCfg = Debug|Any CPU
		{0C03D157-43A8-4CA0-9AB7-1117DB2B8DA8}.Debug|Any CPU.Build.0 = Debug|Any CPU
		{0C03D157-43A8-4CA0-9AB7-1117DB2B8DA8}.Release|Any CPU.ActiveCfg = Release|Any CPU
		{0C03D157-43A8-4CA0-9AB7-1117DB2B8DA8}.Release|Any CPU.Build.0 = Release|Any CPU
	EndGlobalSection
EndGlobal
